
Microsoft Visual Studio Solution File, Format Version 12.00
# Visual Studio Version 16
VisualStudioVersion = 16.0.32630.194
MinimumVisualStudioVersion = 10.0.40219.1
Project("{FAE04EC0-301F-11D3-BF4B-00C04F79EFBC}") = "CateringAgency", "CateringAgency\CateringAgency.csproj", "{9C721008-3257-4B6E-B30B-E58495E7ADD5}"
EndProject
Project("{FAE04EC0-301F-11D3-BF4B-00C04F79EFBC}") = "CateringAgency.Domain", "CateringAgency.Domain\CateringAgency.Domain.csproj", "{3D1810C3-99BC-41C2-8FA1-863CB3607504}"
EndProject
Global
	GlobalSection(SolutionConfigurationPlatforms) = preSolution
		Debug|Any CPU = Debug|Any CPU
		Release|Any CPU = Release|Any CPU
	EndGlobalSection
	GlobalSection(ProjectConfigurationPlatforms) = postSolution
		{9C721008-3257-4B6E-B30B-E58495E7ADD5}.Debug|Any CPU.ActiveCfg = Debug|Any CPU
		{9C721008-3257-4B6E-B30B-E58495E7ADD5}.Debug|Any CPU.Build.0 = Debug|Any CPU
		{9C721008-3257-4B6E-B30B-E58495E7ADD5}.Release|Any CPU.ActiveCfg = Release|Any CPU
		{9C721008-3257-4B6E-B30B-E58495E7ADD5}.Release|Any CPU.Build.0 = Release|Any CPU
		{3D1810C3-99BC-41C2-8FA1-863CB3607504}.Debug|Any CPU.ActiveCfg = Debug|Any CPU
		{3D1810C3-99BC-41C2-8FA1-863CB3607504}.Debug|Any CPU.Build.0 = Debug|Any CPU
		{3D1810C3-99BC-41C2-8FA1-863CB3607504}.Release|Any CPU.ActiveCfg = Release|Any CPU
		{3D1810C3-99BC-41C2-8FA1-863CB3607504}.Release|Any CPU.Build.0 = Release|Any CPU
	EndGlobalSection
	GlobalSection(SolutionProperties) = preSolution
		HideSolutionNode = FALSE
	EndGlobalSection
	GlobalSection(ExtensibilityGlobals) = postSolution
		SolutionGuid = {A75591E9-9EAA-4688-9F3F-5999E0621DBF}
	EndGlobalSection
EndGlobal
